
Microsoft Visual Studio Solution File, Format Version 12.00
# Visual Studio Version 16
VisualStudioVersion = 16.0.30011.22
MinimumVisualStudioVersion = 10.0.40219.1
Project("{8BC9CEB8-8B4A-11D0-8D11-00A0C91BC942}") = "sqlite-vcs", "sqlite-vcs.vcxproj", "{46773D46-A607-4656-88A8-1A087D64AF6B}"
EndProject
Global
	GlobalSection(SolutionConfigurationPlatforms) = preSolution
		Debug|x64 = Debug|x64
		Debug|x86 = Debug|x86
		Debug-MD|x64 = Debug-MD|x64
		Debug-MD|x86 = Debug-MD|x86
		Release|x64 = Release|x64
		Release|x86 = Release|x86
	EndGlobalSection
	GlobalSection(ProjectConfigurationPlatforms) = postSolution
		{46773D46-A607-4656-88A8-1A087D64AF6B}.Debug|x64.ActiveCfg = Debug|x64
		{46773D46-A607-4656-88A8-1A087D64AF6B}.Debug|x64.Build.0 = Debug|x64
		{46773D46-A607-4656-88A8-1A087D64AF6B}.Debug|x86.ActiveCfg = Debug|Win32
		{46773D46-A607-4656-88A8-1A087D64AF6B}.Debug|x86.Build.0 = Debug|Win32
		{46773D46-A607-4656-88A8-1A087D64AF6B}.Debug-MD|x64.ActiveCfg = Debug-MD|x64
		{46773D46-A607-4656-88A8-1A087D64AF6B}.Debug-MD|x64.Build.0 = Debug-MD|x64
		{46773D46-A607-4656-88A8-1A087D64AF6B}.Debug-MD|x86.ActiveCfg = Debug-MD|Win32
		{46773D46-A607-4656-88A8-1A087D64AF6B}.Debug-MD|x86.Build.0 = Debug-MD|Win32
		{46773D46-A607-4656-88A8-1A087D64AF6B}.Release|x64.ActiveCfg = Release|x64
		{46773D46-A607-4656-88A8-1A087D64AF6B}.Release|x64.Build.0 = Release|x64
		{46773D46-A607-4656-88A8-1A087D64AF6B}.Release|x86.ActiveCfg = Release|Win32
		{46773D46-A607-4656-88A8-1A087D64AF6B}.Release|x86.Build.0 = Release|Win32
	EndGlobalSection
	GlobalSection(SolutionProperties) = preSolution
		HideSolutionNode = FALSE
	EndGlobalSection
	GlobalSection(ExtensibilityGlobals) = postSolution
		SolutionGuid = {2470F312-40AD-4DF2-8994-74D86DF74755}
	EndGlobalSection
EndGlobal
